// !$*UTF8*$!
{
	archiveVersion = 1;
	classes = {
	};
	objectVersion = 46;
	objects = {

/* Begin PBXBuildFile section */
		BB6AE8EC1E293DCB003887E3 /* AppDelegate.swift in Sources */ = {isa = PBXBuildFile; fileRef = BB6AE8EB1E293DCB003887E3 /* AppDelegate.swift */; };
		BB6AE8EE1E293DCB003887E3 /* ViewController.swift in Sources */ = {isa = PBXBuildFile; fileRef = BB6AE8ED1E293DCB003887E3 /* ViewController.swift */; };
		BB6AE8F11E293DCB003887E3 /* Main.storyboard in Resources */ = {isa = PBXBuildFile; fileRef = BB6AE8EF1E293DCB003887E3 /* Main.storyboard */; };
		BB6AE8F31E293DCB003887E3 /* Assets.xcassets in Resources */ = {isa = PBXBuildFile; fileRef = BB6AE8F21E293DCB003887E3 /* Assets.xcassets */; };
		BB6AE8F61E293DCB003887E3 /* LaunchScreen.storyboard in Resources */ = {isa = PBXBuildFile; fileRef = BB6AE8F41E293DCB003887E3 /* LaunchScreen.storyboard */; };
		BB6AE8FE1E293DE8003887E3 /* ADProgressView.framework in Frameworks */ = {isa = PBXBuildFile; fileRef = BB6AE8FD1E293DE8003887E3 /* ADProgressView.framework */; };
		BB6AE8FF1E293DE8003887E3 /* ADProgressView.framework in Embed Frameworks */ = {isa = PBXBuildFile; fileRef = BB6AE8FD1E293DE8003887E3 /* ADProgressView.framework */; settings = {ATTRIBUTES = (CodeSignOnCopy, RemoveHeadersOnCopy, ); }; };
		BB6AE9021E293F0D003887E3 /* UIView+.swift in Sources */ = {isa = PBXBuildFile; fileRef = BB6AE9011E293F0D003887E3 /* UIView+.swift */; };
/* End PBXBuildFile section */

/* Begin PBXCopyFilesBuildPhase section */
		BB6AE9001E293DE8003887E3 /* Embed Frameworks */ = {
			isa = PBXCopyFilesBuildPhase;
			buildActionMask = 2147483647;
			dstPath = "";
			dstSubfolderSpec = 10;
			files = (
				BB6AE8FF1E293DE8003887E3 /* ADProgressView.framework in Embed Frameworks */,
			);
			name = "Embed Frameworks";
			runOnlyForDeploymentPostprocessing = 0;
		};
/* End PBXCopyFilesBuildPhase section */

/* Begin PBXFileReference section */
		BB6AE8E81E293DCB003887E3 /* Example.app */ = {isa = PBXFileReference; explicitFileType = wrapper.application; includeInIndex = 0; path = Example.app; sourceTree = BUILT_PRODUCTS_DIR; };
		BB6AE8EB1E293DCB003887E3 /* AppDelegate.swift */ = {isa = PBXFileReference; lastKnownFileType = sourcecode.swift; path = AppDelegate.swift; sourceTree = "<group>"; };
		BB6AE8ED1E293DCB003887E3 /* ViewController.swift */ = {isa = PBXFileReference; lastKnownFileType = sourcecode.swift; path = ViewController.swift; sourceTree = "<group>"; };
		BB6AE8F01E293DCB003887E3 /* Base */ = {isa = PBXFileReference; lastKnownFileType = file.storyboard; name = Base; path = Base.lproj/Main.storyboard; sourceTree = "<group>"; };
		BB6AE8F21E293DCB003887E3 /* Assets.xcassets */ = {isa = PBXFileReference; lastKnownFileType = folder.assetcatalog; path = Assets.xcassets; sourceTree = "<group>"; };
		BB6AE8F51E293DCB003887E3 /* Base */ = {isa = PBXFileReference; lastKnownFileType = file.storyboard; name = Base; path = Base.lproj/LaunchScreen.storyboard; sourceTree = "<group>"; };
		BB6AE8F71E293DCB003887E3 /* Info.plist */ = {isa = PBXFileReference; lastKnownFileType = text.plist.xml; path = Info.plist; sourceTree = "<group>"; };
		BB6AE8FD1E293DE8003887E3 /* ADProgressView.framework */ = {isa = PBXFileReference; explicitFileType = wrapper.framework; path = ADProgressView.framework; sourceTree = BUILT_PRODUCTS_DIR; };
		BB6AE9011E293F0D003887E3 /* UIView+.swift */ = {isa = PBXFileReference; fileEncoding = 4; lastKnownFileType = sourcecode.swift; path = "UIView+.swift"; sourceTree = "<group>"; };
/* End PBXFileReference section */

/* Begin PBXFrameworksBuildPhase section */
		BB6AE8E51E293DCB003887E3 /* Frameworks */ = {
			isa = PBXFrameworksBuildPhase;
			buildActionMask = 2147483647;
			files = (
				BB6AE8FE1E293DE8003887E3 /* ADProgressView.framework in Frameworks */,
			);
			runOnlyForDeploymentPostprocessing = 0;
		};
/* End PBXFrameworksBuildPhase section */

/* Begin PBXGroup section */
		BB6AE8DF1E293DCB003887E3 = {
			isa = PBXGroup;
			children = (
				BB6AE8FD1E293DE8003887E3 /* ADProgressView.framework */,
				BB6AE8EA1E293DCB003887E3 /* Example */,
				BB6AE8E91E293DCB003887E3 /* Products */,
			);
			sourceTree = "<group>";
		};
		BB6AE8E91E293DCB003887E3 /* Products */ = {
			isa = PBXGroup;
			children = (
				BB6AE8E81E293DCB003887E3 /* Example.app */,
			);
			name = Products;
			sourceTree = "<group>";
		};
		BB6AE8EA1E293DCB003887E3 /* Example */ = {
			isa = PBXGroup;
			children = (
				BB6AE8EB1E293DCB003887E3 /* AppDelegate.swift */,
				BB6AE8ED1E293DCB003887E3 /* ViewController.swift */,
				BB6AE8EF1E293DCB003887E3 /* Main.storyboard */,
				BB6AE9011E293F0D003887E3 /* UIView+.swift */,
				BB6AE8F21E293DCB003887E3 /* Assets.xcassets */,
				BB6AE8F41E293DCB003887E3 /* LaunchScreen.storyboard */,
				BB6AE8F71E293DCB003887E3 /* Info.plist */,
			);
			path = Example;
			sourceTree = "<group>";
		};
/* End PBXGroup section */

/* Begin PBXNativeTarget section */
		BB6AE8E71E293DCB003887E3 /* Example */ = {
			isa = PBXNativeTarget;
			buildConfigurationList = BB6AE8FA1E293DCB003887E3 /* Build configuration list for PBXNativeTarget "Example" */;
			buildPhases = (
				BB6AE8E41E293DCB003887E3 /* Sources */,
				BB6AE8E51E293DCB003887E3 /* Frameworks */,
				BB6AE8E61E293DCB003887E3 /* Resources */,
				BB6AE9001E293DE8003887E3 /* Embed Frameworks */,
			);
			buildRules = (
			);
			dependencies = (
			);
			name = Example;
			productName = Example;
			productReference = BB6AE8E81E293DCB003887E3 /* Example.app */;
			productType = "com.apple.product-type.application";
		};
/* End PBXNativeTarget section */

/* Begin PBXProject section */
		BB6AE8E01E293DCB003887E3 /* Project object */ = {
			isa = PBXProject;
			attributes = {
				LastSwiftUpdateCheck = 0820;
				LastUpgradeCheck = 0820;
				ORGANIZATIONNAME = "Antoine DAUGUET";
				TargetAttributes = {
					BB6AE8E71E293DCB003887E3 = {
						CreatedOnToolsVersion = 8.2.1;
						DevelopmentTeam = AGP77XRAQE;
						ProvisioningStyle = Automatic;
					};
				};
			};
			buildConfigurationList = BB6AE8E31E293DCB003887E3 /* Build configuration list for PBXProject "Example" */;
			compatibilityVersion = "Xcode 3.2";
			developmentRegion = English;
			hasScannedForEncodings = 0;
			knownRegions = (
				en,
				Base,
			);
			mainGroup = BB6AE8DF1E293DCB003887E3;
			productRefGroup = BB6AE8E91E293DCB003887E3 /* Products */;
			projectDirPath = "";
			projectRoot = "";
			targets = (
				BB6AE8E71E293DCB003887E3 /* Example */,
			);
		};
/* End PBXProject section */

/* Begin PBXResourcesBuildPhase section */
		BB6AE8E61E293DCB003887E3 /* Resources */ = {
			isa = PBXResourcesBuildPhase;
			buildActionMask = 2147483647;
			files = (
				BB6AE8F61E293DCB003887E3 /* LaunchScreen.storyboard in Resources */,
				BB6AE8F31E293DCB003887E3 /* Assets.xcassets in Resources */,
				BB6AE8F11E293DCB003887E3 /* Main.storyboard in Resources */,
			);
			runOnlyForDeploymentPostprocessing = 0;
		};
/* End PBXResourcesBuildPhase section */

/* Begin PBXSourcesBuildPhase section */
		BB6AE8E41E293DCB003887E3 /* Sources */ = {
			isa = PBXSourcesBuildPhase;
			buildActionMask = 2147483647;
			files = (
				BB6AE9021E293F0D003887E3 /* UIView+.swift in Sources */,
				BB6AE8EE1E293DCB003887E3 /* ViewController.swift in Sources */,
				BB6AE8EC1E293DCB003887E3 /* AppDelegate.swift in Sources */,
			);
			runOnlyForDeploymentPostprocessing = 0;
		};
/* End PBXSourcesBuildPhase section */

/* Begin PBXVariantGroup section */
		BB6AE8EF1E293DCB003887E3 /* Main.storyboard */ = {
			isa = PBXVariantGroup;
			children = (
				BB6AE8F01E293DCB003887E3 /* Base */,
			);
			name = Main.storyboard;
			sourceTree = "<group>";
		};
		BB6AE8F41E293DCB003887E3 /* LaunchScreen.storyboard */ = {
			isa = PBXVariantGroup;
			children = (
				BB6AE8F51E293DCB003887E3 /* Base */,
			);
			name = LaunchScreen.storyboard;
			sourceTree = "<group>";
		};
/* End PBXVariantGroup section */

/* Begin XCBuildConfiguration section */
		BB6AE8F81E293DCB003887E3 /* Debug */ = {
			isa = XCBuildConfiguration;
			buildSettings = {
				ALWAYS_SEARCH_USER_PATHS = NO;
				CLANG_ANALYZER_NONNULL = YES;
				CLANG_CXX_LANGUAGE_STANDARD = "gnu++0x";
				CLANG_CXX_LIBRARY = "libc++";
				CLANG_ENABLE_MODULES = YES;
				CLANG_ENABLE_OBJC_ARC = YES;
				CLANG_WARN_BOOL_CONVERSION = YES;
				CLANG_WARN_CONSTANT_CONVERSION = YES;
				CLANG_WARN_DIRECT_OBJC_ISA_USAGE = YES_ERROR;
				CLANG_WARN_DOCUMENTATION_COMMENTS = YES;
				CLANG_WARN_EMPTY_BODY = YES;
				CLANG_WARN_ENUM_CONVERSION = YES;
				CLANG_WARN_INFINITE_RECURSION = YES;
				CLANG_WARN_INT_CONVERSION = YES;
				CLANG_WARN_OBJC_ROOT_CLASS = YES_ERROR;
				CLANG_WARN_SUSPICIOUS_MOVE = YES;
				CLANG_WARN_UNREACHABLE_CODE = YES;
				CLANG_WARN__DUPLICATE_METHOD_MATCH = YES;
				"CODE_SIGN_IDENTITY[sdk=iphoneos*]" = "iPhone Developer";
				COPY_PHASE_STRIP = NO;
				DEBUG_INFORMATION_FORMAT = dwarf;
				ENABLE_STRICT_OBJC_MSGSEND = YES;
				ENABLE_TESTABILITY = YES;
				GCC_C_LANGUAGE_STANDARD = gnu99;
				GCC_DYNAMIC_NO_PIC = NO;
				GCC_NO_COMMON_BLOCKS = YES;
				GCC_OPTIMIZATION_LEVEL = 0;
				GCC_PREPROCESSOR_DEFINITIONS = (
					"DEBUG=1",
					"$(inherited)",
				);
				GCC_WARN_64_TO_32_BIT_CONVERSION = YES;
				GCC_WARN_ABOUT_RETURN_TYPE = YES_ERROR;
				GCC_WARN_UNDECLARED_SELECTOR = YES;
				GCC_WARN_UNINITIALIZED_AUTOS = YES_AGGRESSIVE;
				GCC_WARN_UNUSED_FUNCTION = YES;
				GCC_WARN_UNUSED_VARIABLE = YES;
				IPHONEOS_DEPLOYMENT_TARGET = 10.2;
				MTL_ENABLE_DEBUG_INFO = YES;
				ONLY_ACTIVE_ARCH = YES;
				SDKROOT = iphoneos;
				SWIFT_ACTIVE_COMPILATION_CONDITIONS = DEBUG;
				SWIFT_OPTIMIZATION_LEVEL = "-Onone";
				TARGETED_DEVICE_FAMILY = "1,2";
			};
			name = Debug;
		};
		BB6AE8F91E293DCB003887E3 /* Release */ = {
			isa = XCBuildConfiguration;
			buildSettings = {
				ALWAYS_SEARCH_USER_PATHS = NO;
				CLANG_ANALYZER_NONNULL = YES;
				CLANG_CXX_LANGUAGE_STANDARD = "gnu++0x";
				CLANG_CXX_LIBRARY = "libc++";
				CLANG_ENABLE_MODULES = YES;
				CLANG_ENABLE_OBJC_ARC = YES;
				CLANG_WARN_BOOL_CONVERSION = YES;
				CLANG_WARN_CONSTANT_CONVERSION = YES;
				CLANG_WARN_DIRECT_OBJC_ISA_USAGE = YES_ERROR;
				CLANG_WARN_DOCUMENTATION_COMMENTS = YES;
				CLANG_WARN_EMPTY_BODY = YES;
				CLANG_WARN_ENUM_CONVERSION = YES;
				CLANG_WARN_INFINITE_RECURSION = YES;
				CLANG_WARN_INT_CONVERSION = YES;
				CLANG_WARN_OBJC_ROOT_CLASS = YES_ERROR;
				CLANG_WARN_SUSPICIOUS_MOVE = YES;
				CLANG_WARN_UNREACHABLE_CODE = YES;
				CLANG_WARN__DUPLICATE_METHOD_MATCH = YES;
				"CODE_SIGN_IDENTITY[sdk=iphoneos*]" = "iPhone Developer";
				COPY_PHASE_STRIP = NO;
				DEBUG_INFORMATION_FORMAT = "dwarf-with-dsym";
				ENABLE_NS_ASSERTIONS = NO;
				ENABLE_STRICT_OBJC_MSGSEND = YES;
				GCC_C_LANGUAGE_STANDARD = gnu99;
				GCC_NO_COMMON_BLOCKS = YES;
				GCC_WARN_64_TO_32_BIT_CONVERSION = YES;
				GCC_WARN_ABOUT_RETURN_TYPE = YES_ERROR;
				GCC_WARN_UNDECLARED_SELECTOR = YES;
				GCC_WARN_UNINITIALIZED_AUTOS = YES_AGGRESSIVE;
				GCC_WARN_UNUSED_FUNCTION = YES;
				GCC_WARN_UNUSED_VARIABLE = YES;
				IPHONEOS_DEPLOYMENT_TARGET = 10.2;
				MTL_ENABLE_DEBUG_INFO = NO;
				SDKROOT = iphoneos;
				SWIFT_OPTIMIZATION_LEVEL = "-Owholemodule";
				TARGETED_DEVICE_FAMILY = "1,2";
				VALIDATE_PRODUCT = YES;
			};
			name = Release;
		};
		BB6AE8FB1E293DCB003887E3 /* Debug */ = {
			isa = XCBuildConfiguration;
			buildSettings = {
				ASSETCATALOG_COMPILER_APPICON_NAME = AppIcon;
				DEVELOPMENT_TEAM = AGP77XRAQE;
				INFOPLIST_FILE = Example/Info.plist;
				LD_RUNPATH_SEARCH_PATHS = "$(inherited) @executable_path/Frameworks";
				PRODUCT_BUNDLE_IDENTIFIER = com.adauguet.Example;
				PRODUCT_NAME = "$(TARGET_NAME)";
				SWIFT_VERSION = 3.0;
			};
			name = Debug;
		};
		BB6AE8FC1E293DCB003887E3 /* Release */ = {
			isa = XCBuildConfiguration;
			buildSettings = {
				ASSETCATALOG_COMPILER_APPICON_NAME = AppIcon;
				DEVELOPMENT_TEAM = AGP77XRAQE;
				INFOPLIST_FILE = Example/Info.plist;
				LD_RUNPATH_SEARCH_PATHS = "$(inherited) @executable_path/Frameworks";
				PRODUCT_BUNDLE_IDENTIFIER = com.adauguet.Example;
				PRODUCT_NAME = "$(TARGET_NAME)";
				SWIFT_VERSION = 3.0;
			};
			name = Release;
		};
/* End XCBuildConfiguration section */

/* Begin XCConfigurationList section */
		BB6AE8E31E293DCB003887E3 /* Build configuration list for PBXProject "Example" */ = {
			isa = XCConfigurationList;
			buildConfigurations = (
				BB6AE8F81E293DCB003887E3 /* Debug */,
				BB6AE8F91E293DCB003887E3 /* Release */,
			);
			defaultConfigurationIsVisible = 0;
			defaultConfigurationName = Release;
		};
		BB6AE8FA1E293DCB003887E3 /* Build configuration list for PBXNativeTarget "Example" */ = {
			isa = XCConfigurationList;
			buildConfigurations = (
				BB6AE8FB1E293DCB003887E3 /* Debug */,
				BB6AE8FC1E293DCB003887E3 /* Release */,
			);
			defaultConfigurationIsVisible = 0;
		};
/* End XCConfigurationList section */
	};
	rootObject = BB6AE8E01E293DCB003887E3 /* Project object */;
}
